
Microsoft Visual Studio Solution File, Format Version 12.00
# Visual Studio Version 17
VisualStudioVersion = 17.6.33723.286
MinimumVisualStudioVersion = 10.0.40219.1
Project("{FAE04EC0-301F-11D3-BF4B-00C04F79EFBC}") = "ConsoleApp1", "ConsoleApp1\ConsoleApp1.csproj", "{7FC13F35-A4DF-4619-846F-99807A52676A}"
EndProject
Global
	GlobalSection(SolutionConfigurationPlatforms) = preSolution
		Debug|Any CPU = Debug|Any CPU
		Release|Any CPU = Release|Any CPU
	EndGlobalSection
	GlobalSection(ProjectConfigurationPlatforms) = postSolution
		{7FC13F35-A4DF-4619-846F-99807A52676A}.Debug|Any CPU.ActiveCfg = Debug|Any CPU
		{7FC13F35-A4DF-4619-846F-99807A52676A}.Debug|Any CPU.Build.0 = Debug|Any CPU
		{7FC13F35-A4DF-4619-846F-99807A52676A}.Release|Any CPU.ActiveCfg = Release|Any CPU
		{7FC13F35-A4DF-4619-846F-99807A52676A}.Release|Any CPU.Build.0 = Release|Any CPU
	EndGlobalSection
	GlobalSection(SolutionProperties) = preSolution
		HideSolutionNode = FALSE
	EndGlobalSection
	GlobalSection(ExtensibilityGlobals) = postSolution
		SolutionGuid = {B959665F-A84B-4A52-BD73-8B28FA16F521}
	EndGlobalSection
EndGlobal
